
Microsoft Visual Studio Solution File, Format Version 12.00
# Visual Studio Version 17
VisualStudioVersion = 17.3.32901.215
MinimumVisualStudioVersion = 10.0.40219.1
Project("{FAE04EC0-301F-11D3-BF4B-00C04F79EFBC}") = "WpfApp4", "WpfApp4\WpfApp4.csproj", "{3CCE5301-F6B4-4439-8E05-1D221661E78B}"
EndProject
Global
	GlobalSection(SolutionConfigurationPlatforms) = preSolution
		Debug|Any CPU = Debug|Any CPU
		Release|Any CPU = Release|Any CPU
	EndGlobalSection
	GlobalSection(ProjectConfigurationPlatforms) = postSolution
		{3CCE5301-F6B4-4439-8E05-1D221661E78B}.Debug|Any CPU.ActiveCfg = Debug|Any CPU
		{3CCE5301-F6B4-4439-8E05-1D221661E78B}.Debug|Any CPU.Build.0 = Debug|Any CPU
		{3CCE5301-F6B4-4439-8E05-1D221661E78B}.Release|Any CPU.ActiveCfg = Release|Any CPU
		{3CCE5301-F6B4-4439-8E05-1D221661E78B}.Release|Any CPU.Build.0 = Release|Any CPU
	EndGlobalSection
	GlobalSection(SolutionProperties) = preSolution
		HideSolutionNode = FALSE
	EndGlobalSection
	GlobalSection(ExtensibilityGlobals) = postSolution
		SolutionGuid = {157AE77F-31CC-4780-A78C-700329CA2755}
	EndGlobalSection
EndGlobal
